
Microsoft Visual Studio Solution File, Format Version 12.00
# Visual Studio Version 17
VisualStudioVersion = 17.0.31903.59
MinimumVisualStudioVersion = 10.0.40219.1
Project("{2150E333-8FDC-42A3-9474-1A3956D46DE8}") = "src", "src", "{8BB2DD8D-4E0C-4B9D-9F5A-7E3D2F1A8C5B}"
EndProject
Project("{2150E333-8FDC-42A3-9474-1A3956D46DE8}") = "Shared", "Shared", "{1AA2BB3C-4DD5-6EE7-8FF9-0AAB1CC2DD3E}"
EndProject
Project("{9A19103F-16F7-4668-BE54-9A1E7A4F7556}") = "CoOwnershipVehicle.Data", "src\CoOwnershipVehicle.Data\CoOwnershipVehicle.Data.csproj", "{A1B2C3D4-E5F6-7890-ABCD-123456789012}"
EndProject
Project("{9A19103F-16F7-4668-BE54-9A1E7A4F7556}") = "CoOwnershipVehicle.Domain", "src\CoOwnershipVehicle.Domain\CoOwnershipVehicle.Domain.csproj", "{2DA0DFCF-2CFB-44A7-80E0-2BBDB609BEC4}"
EndProject
Project("{9A19103F-16F7-4668-BE54-9A1E7A4F7556}") = "CoOwnershipVehicle.Api", "src\Services\CoOwnershipVehicle.Api\CoOwnershipVehicle.Api.csproj", "{6C0953EC-209E-41D9-A602-FCB826BC3297}"
EndProject
Project("{9A19103F-16F7-4668-BE54-9A1E7A4F7556}") = "CoOwnershipVehicle.Shared.Contracts", "src\Shared\CoOwnershipVehicle.Shared.Contracts\CoOwnershipVehicle.Shared.Contracts.csproj", "{FFA55DCF-55DC-4EEC-B288-9220479D7D44}"
EndProject
Project("{9A19103F-16F7-4668-BE54-9A1E7A4F7556}") = "CoOwnershipVehicle.Auth.Api", "src\Services\Auth\CoOwnershipVehicle.Auth.Api\CoOwnershipVehicle.Auth.Api.csproj", "{8E7BD56C-4262-4F8B-BD68-AB02D8F7CC86}"
EndProject
Project("{9A19103F-16F7-4668-BE54-9A1E7A4F7556}") = "CoOwnershipVehicle.User.Api", "src\Services\User\CoOwnershipVehicle.User.Api\CoOwnershipVehicle.User.Api.csproj", "{89243142-A79D-41F8-9F8E-59A21C8A8F72}"
EndProject
Project("{9A19103F-16F7-4668-BE54-9A1E7A4F7556}") = "CoOwnershipVehicle.Group.Api", "src\Services\Group\CoOwnershipVehicle.Group.Api\CoOwnershipVehicle.Group.Api.csproj", "{F76B1A2C-5A19-4EE0-86BB-52675A7380F2}"
EndProject
Project("{9A19103F-16F7-4668-BE54-9A1E7A4F7556}") = "CoOwnershipVehicle.Vehicle.Api", "src\Services\Vehicle\CoOwnershipVehicle.Vehicle.Api\CoOwnershipVehicle.Vehicle.Api.csproj", "{CAEAB9CF-2987-4E03-82F8-D70C1585336F}"
EndProject
Project("{9A19103F-16F7-4668-BE54-9A1E7A4F7556}") = "CoOwnershipVehicle.Booking.Api", "src\Services\Booking\CoOwnershipVehicle.Booking.Api\CoOwnershipVehicle.Booking.Api.csproj", "{B8810135-3489-4E5B-97DF-D83CC02E445C}"
EndProject
Project("{9A19103F-16F7-4668-BE54-9A1E7A4F7556}") = "CoOwnershipVehicle.Payment.Api", "src\Services\Payment\CoOwnershipVehicle.Payment.Api\CoOwnershipVehicle.Payment.Api.csproj", "{72E6C64F-4BDF-4108-8B35-9D592A9394E0}"
EndProject
Project("{9A19103F-16F7-4668-BE54-9A1E7A4F7556}") = "CoOwnershipVehicle.ApiGateway", "src\ApiGateway\CoOwnershipVehicle.ApiGateway\CoOwnershipVehicle.ApiGateway.csproj", "{B909B70B-76AA-487B-A74F-72625D862234}"
EndProject
Project("{FAE04EC0-301F-11D3-BF4B-00C04F79EFBC}") = "CoOwnershipVehicle.Vehicle.Api.Tests", "src\Services\Vehicle\CoOwnershipVehicle.Vehicle.Api.Tests\CoOwnershipVehicle.Vehicle.Api.Tests.csproj", "{9CF8491F-FBFF-1386-5716-2FDE99D03B82}"
EndProject
Project("{9A19103F-16F7-4668-BE54-9A1E7A4F7556}") = "CoOwnershipVehicle.Analytics.Api", "src\Services\Analytics\CoOwnershipVehicle.Analytics.Api\CoOwnershipVehicle.Analytics.Api.csproj", "{C8D9E0F1-2345-6789-ABCD-EF0123456789}"
EndProject
Project("{9A19103F-16F7-4668-BE54-9A1E7A4F7556}") = "CoOwnershipVehicle.Notification.Api", "src\Services\Notification\CoOwnershipVehicle.Notification.Api\CoOwnershipVehicle.Notification.Api.csproj", "{D9E0F1A2-3456-789A-BCDE-F01234567890}"
EndProject
Project("{9A19103F-16F7-4668-BE54-9A1E7A4F7556}") = "CoOwnershipVehicle.Admin.Api", "src\Services\Admin\CoOwnershipVehicle.Admin.Api\CoOwnershipVehicle.Admin.Api.csproj", "{E0F1A2B3-4567-89AB-CDEF-012345678901}"
EndProject
Project("{2150E333-8FDC-42A3-9474-1A3956D46DE8}") = "Admin", "Admin", "{46D8551B-386B-6C84-2CF8-277690B9A592}"
EndProject
Project("{FAE04EC0-301F-11D3-BF4B-00C04F79EFBC}") = "CoOwnershipVehicle.Admin.Api.Tests", "src\Services\Admin\CoOwnershipVehicle.Admin.Api.Tests\CoOwnershipVehicle.Admin.Api.Tests.csproj", "{5D31F490-56DB-4BD6-B05A-A0E2A13BAC6D}"
EndProject
Project("{2150E333-8FDC-42A3-9474-1A3956D46DE8}") = "IntegrationTests", "IntegrationTests", "{5BA4A53A-0F73-45EA-5E51-42E1EA39695D}"
EndProject
Project("{FAE04EC0-301F-11D3-BF4B-00C04F79EFBC}") = "CoOwnershipVehicle.IntegrationTests", "src\IntegrationTests\CoOwnershipVehicle.IntegrationTests\CoOwnershipVehicle.IntegrationTests.csproj", "{72DFC26F-0156-4839-BFED-1F3D0240A4E5}"
EndProject
Global
	GlobalSection(SolutionConfigurationPlatforms) = preSolution
		Debug|Any CPU = Debug|Any CPU
		Debug|x64 = Debug|x64
		Debug|x86 = Debug|x86
		Release|Any CPU = Release|Any CPU
		Release|x64 = Release|x64
		Release|x86 = Release|x86
	EndGlobalSection
	GlobalSection(ProjectConfigurationPlatforms) = postSolution
		{A1B2C3D4-E5F6-7890-ABCD-123456789012}.Debug|Any CPU.ActiveCfg = Debug|Any CPU
		{A1B2C3D4-E5F6-7890-ABCD-123456789012}.Debug|Any CPU.Build.0 = Debug|Any CPU
		{A1B2C3D4-E5F6-7890-ABCD-123456789012}.Debug|x64.ActiveCfg = Debug|Any CPU
		{A1B2C3D4-E5F6-7890-ABCD-123456789012}.Debug|x64.Build.0 = Debug|Any CPU
		{A1B2C3D4-E5F6-7890-ABCD-123456789012}.Debug|x86.ActiveCfg = Debug|Any CPU
		{A1B2C3D4-E5F6-7890-ABCD-123456789012}.Debug|x86.Build.0 = Debug|Any CPU
		{A1B2C3D4-E5F6-7890-ABCD-123456789012}.Release|Any CPU.ActiveCfg = Release|Any CPU
		{A1B2C3D4-E5F6-7890-ABCD-123456789012}.Release|Any CPU.Build.0 = Release|Any CPU
		{A1B2C3D4-E5F6-7890-ABCD-123456789012}.Release|x64.ActiveCfg = Release|Any CPU
		{A1B2C3D4-E5F6-7890-ABCD-123456789012}.Release|x64.Build.0 = Release|Any CPU
		{A1B2C3D4-E5F6-7890-ABCD-123456789012}.Release|x86.ActiveCfg = Release|Any CPU
		{A1B2C3D4-E5F6-7890-ABCD-123456789012}.Release|x86.Build.0 = Release|Any CPU
		{2DA0DFCF-2CFB-44A7-80E0-2BBDB609BEC4}.Debug|Any CPU.ActiveCfg = Debug|Any CPU
		{2DA0DFCF-2CFB-44A7-80E0-2BBDB609BEC4}.Debug|Any CPU.Build.0 = Debug|Any CPU
		{2DA0DFCF-2CFB-44A7-80E0-2BBDB609BEC4}.Debug|x64.ActiveCfg = Debug|Any CPU
		{2DA0DFCF-2CFB-44A7-80E0-2BBDB609BEC4}.Debug|x64.Build.0 = Debug|Any CPU
		{2DA0DFCF-2CFB-44A7-80E0-2BBDB609BEC4}.Debug|x86.ActiveCfg = Debug|Any CPU
		{2DA0DFCF-2CFB-44A7-80E0-2BBDB609BEC4}.Debug|x86.Build.0 = Debug|Any CPU
		{2DA0DFCF-2CFB-44A7-80E0-2BBDB609BEC4}.Release|Any CPU.ActiveCfg = Release|Any CPU
		{2DA0DFCF-2CFB-44A7-80E0-2BBDB609BEC4}.Release|Any CPU.Build.0 = Release|Any CPU
		{2DA0DFCF-2CFB-44A7-80E0-2BBDB609BEC4}.Release|x64.ActiveCfg = Release|Any CPU
		{2DA0DFCF-2CFB-44A7-80E0-2BBDB609BEC4}.Release|x64.Build.0 = Release|Any CPU
		{2DA0DFCF-2CFB-44A7-80E0-2BBDB609BEC4}.Release|x86.ActiveCfg = Release|Any CPU
		{2DA0DFCF-2CFB-44A7-80E0-2BBDB609BEC4}.Release|x86.Build.0 = Release|Any CPU
		{6C0953EC-209E-41D9-A602-FCB826BC3297}.Debug|Any CPU.ActiveCfg = Debug|Any CPU
		{6C0953EC-209E-41D9-A602-FCB826BC3297}.Debug|Any CPU.Build.0 = Debug|Any CPU
		{6C0953EC-209E-41D9-A602-FCB826BC3297}.Debug|x64.ActiveCfg = Debug|Any CPU
		{6C0953EC-209E-41D9-A602-FCB826BC3297}.Debug|x64.Build.0 = Debug|Any CPU
		{6C0953EC-209E-41D9-A602-FCB826BC3297}.Debug|x86.ActiveCfg = Debug|Any CPU
		{6C0953EC-209E-41D9-A602-FCB826BC3297}.Debug|x86.Build.0 = Debug|Any CPU
		{6C0953EC-209E-41D9-A602-FCB826BC3297}.Release|Any CPU.ActiveCfg = Release|Any CPU
		{6C0953EC-209E-41D9-A602-FCB826BC3297}.Release|Any CPU.Build.0 = Release|Any CPU
		{6C0953EC-209E-41D9-A602-FCB826BC3297}.Release|x64.ActiveCfg = Release|Any CPU
		{6C0953EC-209E-41D9-A602-FCB826BC3297}.Release|x64.Build.0 = Release|Any CPU
		{6C0953EC-209E-41D9-A602-FCB826BC3297}.Release|x86.ActiveCfg = Release|Any CPU
		{6C0953EC-209E-41D9-A602-FCB826BC3297}.Release|x86.Build.0 = Release|Any CPU
		{FFA55DCF-55DC-4EEC-B288-9220479D7D44}.Debug|Any CPU.ActiveCfg = Debug|Any CPU
		{FFA55DCF-55DC-4EEC-B288-9220479D7D44}.Debug|Any CPU.Build.0 = Debug|Any CPU
		{FFA55DCF-55DC-4EEC-B288-9220479D7D44}.Debug|x64.ActiveCfg = Debug|Any CPU
		{FFA55DCF-55DC-4EEC-B288-9220479D7D44}.Debug|x64.Build.0 = Debug|Any CPU
		{FFA55DCF-55DC-4EEC-B288-9220479D7D44}.Debug|x86.ActiveCfg = Debug|Any CPU
		{FFA55DCF-55DC-4EEC-B288-9220479D7D44}.Debug|x86.Build.0 = Debug|Any CPU
		{FFA55DCF-55DC-4EEC-B288-9220479D7D44}.Release|Any CPU.ActiveCfg = Release|Any CPU
		{FFA55DCF-55DC-4EEC-B288-9220479D7D44}.Release|Any CPU.Build.0 = Release|Any CPU
		{FFA55DCF-55DC-4EEC-B288-9220479D7D44}.Release|x64.ActiveCfg = Release|Any CPU
		{FFA55DCF-55DC-4EEC-B288-9220479D7D44}.Release|x64.Build.0 = Release|Any CPU
		{FFA55DCF-55DC-4EEC-B288-9220479D7D44}.Release|x86.ActiveCfg = Release|Any CPU
		{FFA55DCF-55DC-4EEC-B288-9220479D7D44}.Release|x86.Build.0 = Release|Any CPU
		{8E7BD56C-4262-4F8B-BD68-AB02D8F7CC86}.Debug|Any CPU.ActiveCfg = Debug|Any CPU
		{8E7BD56C-4262-4F8B-BD68-AB02D8F7CC86}.Debug|Any CPU.Build.0 = Debug|Any CPU
		{8E7BD56C-4262-4F8B-BD68-AB02D8F7CC86}.Debug|x64.ActiveCfg = Debug|Any CPU
		{8E7BD56C-4262-4F8B-BD68-AB02D8F7CC86}.Debug|x64.Build.0 = Debug|Any CPU
		{8E7BD56C-4262-4F8B-BD68-AB02D8F7CC86}.Debug|x86.ActiveCfg = Debug|Any CPU
		{8E7BD56C-4262-4F8B-BD68-AB02D8F7CC86}.Debug|x86.Build.0 = Debug|Any CPU
		{8E7BD56C-4262-4F8B-BD68-AB02D8F7CC86}.Release|Any CPU.ActiveCfg = Release|Any CPU
		{8E7BD56C-4262-4F8B-BD68-AB02D8F7CC86}.Release|Any CPU.Build.0 = Release|Any CPU
		{8E7BD56C-4262-4F8B-BD68-AB02D8F7CC86}.Release|x64.ActiveCfg = Release|Any CPU
		{8E7BD56C-4262-4F8B-BD68-AB02D8F7CC86}.Release|x64.Build.0 = Release|Any CPU
		{8E7BD56C-4262-4F8B-BD68-AB02D8F7CC86}.Release|x86.ActiveCfg = Release|Any CPU
		{8E7BD56C-4262-4F8B-BD68-AB02D8F7CC86}.Release|x86.Build.0 = Release|Any CPU
		{89243142-A79D-41F8-9F8E-59A21C8A8F72}.Debug|Any CPU.ActiveCfg = Debug|Any CPU
		{89243142-A79D-41F8-9F8E-59A21C8A8F72}.Debug|Any CPU.Build.0 = Debug|Any CPU
		{89243142-A79D-41F8-9F8E-59A21C8A8F72}.Debug|x64.ActiveCfg = Debug|Any CPU
		{89243142-A79D-41F8-9F8E-59A21C8A8F72}.Debug|x64.Build.0 = Debug|Any CPU
		{89243142-A79D-41F8-9F8E-59A21C8A8F72}.Debug|x86.ActiveCfg = Debug|Any CPU
		{89243142-A79D-41F8-9F8E-59A21C8A8F72}.Debug|x86.Build.0 = Debug|Any CPU
		{89243142-A79D-41F8-9F8E-59A21C8A8F72}.Release|Any CPU.ActiveCfg = Release|Any CPU
		{89243142-A79D-41F8-9F8E-59A21C8A8F72}.Release|Any CPU.Build.0 = Release|Any CPU
		{89243142-A79D-41F8-9F8E-59A21C8A8F72}.Release|x64.ActiveCfg = Release|Any CPU
		{89243142-A79D-41F8-9F8E-59A21C8A8F72}.Release|x64.Build.0 = Release|Any CPU
		{89243142-A79D-41F8-9F8E-59A21C8A8F72}.Release|x86.ActiveCfg = Release|Any CPU
		{89243142-A79D-41F8-9F8E-59A21C8A8F72}.Release|x86.Build.0 = Release|Any CPU
		{F76B1A2C-5A19-4EE0-86BB-52675A7380F2}.Debug|Any CPU.ActiveCfg = Debug|Any CPU
		{F76B1A2C-5A19-4EE0-86BB-52675A7380F2}.Debug|Any CPU.Build.0 = Debug|Any CPU
		{F76B1A2C-5A19-4EE0-86BB-52675A7380F2}.Debug|x64.ActiveCfg = Debug|Any CPU
		{F76B1A2C-5A19-4EE0-86BB-52675A7380F2}.Debug|x64.Build.0 = Debug|Any CPU
		{F76B1A2C-5A19-4EE0-86BB-52675A7380F2}.Debug|x86.ActiveCfg = Debug|Any CPU
		{F76B1A2C-5A19-4EE0-86BB-52675A7380F2}.Debug|x86.Build.0 = Debug|Any CPU
		{F76B1A2C-5A19-4EE0-86BB-52675A7380F2}.Release|Any CPU.ActiveCfg = Release|Any CPU
		{F76B1A2C-5A19-4EE0-86BB-52675A7380F2}.Release|Any CPU.Build.0 = Release|Any CPU
		{F76B1A2C-5A19-4EE0-86BB-52675A7380F2}.Release|x64.ActiveCfg = Release|Any CPU
		{F76B1A2C-5A19-4EE0-86BB-52675A7380F2}.Release|x64.Build.0 = Release|Any CPU
		{F76B1A2C-5A19-4EE0-86BB-52675A7380F2}.Release|x86.ActiveCfg = Release|Any CPU
		{F76B1A2C-5A19-4EE0-86BB-52675A7380F2}.Release|x86.Build.0 = Release|Any CPU
		{CAEAB9CF-2987-4E03-82F8-D70C1585336F}.Debug|Any CPU.ActiveCfg = Debug|Any CPU
		{CAEAB9CF-2987-4E03-82F8-D70C1585336F}.Debug|Any CPU.Build.0 = Debug|Any CPU
		{CAEAB9CF-2987-4E03-82F8-D70C1585336F}.Debug|x64.ActiveCfg = Debug|Any CPU
		{CAEAB9CF-2987-4E03-82F8-D70C1585336F}.Debug|x64.Build.0 = Debug|Any CPU
		{CAEAB9CF-2987-4E03-82F8-D70C1585336F}.Debug|x86.ActiveCfg = Debug|Any CPU
		{CAEAB9CF-2987-4E03-82F8-D70C1585336F}.Debug|x86.Build.0 = Debug|Any CPU
		{CAEAB9CF-2987-4E03-82F8-D70C1585336F}.Release|Any CPU.ActiveCfg = Release|Any CPU
		{CAEAB9CF-2987-4E03-82F8-D70C1585336F}.Release|Any CPU.Build.0 = Release|Any CPU
		{CAEAB9CF-2987-4E03-82F8-D70C1585336F}.Release|x64.ActiveCfg = Release|Any CPU
		{CAEAB9CF-2987-4E03-82F8-D70C1585336F}.Release|x64.Build.0 = Release|Any CPU
		{CAEAB9CF-2987-4E03-82F8-D70C1585336F}.Release|x86.ActiveCfg = Release|Any CPU
		{CAEAB9CF-2987-4E03-82F8-D70C1585336F}.Release|x86.Build.0 = Release|Any CPU
		{B8810135-3489-4E5B-97DF-D83CC02E445C}.Debug|Any CPU.ActiveCfg = Debug|Any CPU
		{B8810135-3489-4E5B-97DF-D83CC02E445C}.Debug|Any CPU.Build.0 = Debug|Any CPU
		{B8810135-3489-4E5B-97DF-D83CC02E445C}.Debug|x64.ActiveCfg = Debug|Any CPU
		{B8810135-3489-4E5B-97DF-D83CC02E445C}.Debug|x64.Build.0 = Debug|Any CPU
		{B8810135-3489-4E5B-97DF-D83CC02E445C}.Debug|x86.ActiveCfg = Debug|Any CPU
		{B8810135-3489-4E5B-97DF-D83CC02E445C}.Debug|x86.Build.0 = Debug|Any CPU
		{B8810135-3489-4E5B-97DF-D83CC02E445C}.Release|Any CPU.ActiveCfg = Release|Any CPU
		{B8810135-3489-4E5B-97DF-D83CC02E445C}.Release|Any CPU.Build.0 = Release|Any CPU
		{B8810135-3489-4E5B-97DF-D83CC02E445C}.Release|x64.ActiveCfg = Release|Any CPU
		{B8810135-3489-4E5B-97DF-D83CC02E445C}.Release|x64.Build.0 = Release|Any CPU
		{B8810135-3489-4E5B-97DF-D83CC02E445C}.Release|x86.ActiveCfg = Release|Any CPU
		{B8810135-3489-4E5B-97DF-D83CC02E445C}.Release|x86.Build.0 = Release|Any CPU
		{72E6C64F-4BDF-4108-8B35-9D592A9394E0}.Debug|Any CPU.ActiveCfg = Debug|Any CPU
		{72E6C64F-4BDF-4108-8B35-9D592A9394E0}.Debug|Any CPU.Build.0 = Debug|Any CPU
		{72E6C64F-4BDF-4108-8B35-9D592A9394E0}.Debug|x64.ActiveCfg = Debug|Any CPU
		{72E6C64F-4BDF-4108-8B35-9D592A9394E0}.Debug|x64.Build.0 = Debug|Any CPU
		{72E6C64F-4BDF-4108-8B35-9D592A9394E0}.Debug|x86.ActiveCfg = Debug|Any CPU
		{72E6C64F-4BDF-4108-8B35-9D592A9394E0}.Debug|x86.Build.0 = Debug|Any CPU
		{72E6C64F-4BDF-4108-8B35-9D592A9394E0}.Release|Any CPU.ActiveCfg = Release|Any CPU
		{72E6C64F-4BDF-4108-8B35-9D592A9394E0}.Release|Any CPU.Build.0 = Release|Any CPU
		{72E6C64F-4BDF-4108-8B35-9D592A9394E0}.Release|x64.ActiveCfg = Release|Any CPU
		{72E6C64F-4BDF-4108-8B35-9D592A9394E0}.Release|x64.Build.0 = Release|Any CPU
		{72E6C64F-4BDF-4108-8B35-9D592A9394E0}.Release|x86.ActiveCfg = Release|Any CPU
		{72E6C64F-4BDF-4108-8B35-9D592A9394E0}.Release|x86.Build.0 = Release|Any CPU
		{B909B70B-76AA-487B-A74F-72625D862234}.Debug|Any CPU.ActiveCfg = Debug|Any CPU
		{B909B70B-76AA-487B-A74F-72625D862234}.Debug|Any CPU.Build.0 = Debug|Any CPU
		{B909B70B-76AA-487B-A74F-72625D862234}.Debug|x64.ActiveCfg = Debug|Any CPU
		{B909B70B-76AA-487B-A74F-72625D862234}.Debug|x64.Build.0 = Debug|Any CPU
		{B909B70B-76AA-487B-A74F-72625D862234}.Debug|x86.ActiveCfg = Debug|Any CPU
		{B909B70B-76AA-487B-A74F-72625D862234}.Debug|x86.Build.0 = Debug|Any CPU
		{B909B70B-76AA-487B-A74F-72625D862234}.Release|Any CPU.ActiveCfg = Release|Any CPU
		{B909B70B-76AA-487B-A74F-72625D862234}.Release|Any CPU.Build.0 = Release|Any CPU
		{B909B70B-76AA-487B-A74F-72625D862234}.Release|x64.ActiveCfg = Release|Any CPU
		{B909B70B-76AA-487B-A74F-72625D862234}.Release|x64.Build.0 = Release|Any CPU
		{B909B70B-76AA-487B-A74F-72625D862234}.Release|x86.ActiveCfg = Release|Any CPU
		{B909B70B-76AA-487B-A74F-72625D862234}.Release|x86.Build.0 = Release|Any CPU
		{9CF8491F-FBFF-1386-5716-2FDE99D03B82}.Debug|Any CPU.ActiveCfg = Debug|Any CPU
		{9CF8491F-FBFF-1386-5716-2FDE99D03B82}.Debug|Any CPU.Build.0 = Debug|Any CPU
		{9CF8491F-FBFF-1386-5716-2FDE99D03B82}.Debug|x64.ActiveCfg = Debug|Any CPU
		{9CF8491F-FBFF-1386-5716-2FDE99D03B82}.Debug|x64.Build.0 = Debug|Any CPU
		{9CF8491F-FBFF-1386-5716-2FDE99D03B82}.Debug|x86.ActiveCfg = Debug|Any CPU
		{9CF8491F-FBFF-1386-5716-2FDE99D03B82}.Debug|x86.Build.0 = Debug|Any CPU
		{9CF8491F-FBFF-1386-5716-2FDE99D03B82}.Release|Any CPU.ActiveCfg = Release|Any CPU
		{9CF8491F-FBFF-1386-5716-2FDE99D03B82}.Release|Any CPU.Build.0 = Release|Any CPU
		{9CF8491F-FBFF-1386-5716-2FDE99D03B82}.Release|x64.ActiveCfg = Release|Any CPU
		{9CF8491F-FBFF-1386-5716-2FDE99D03B82}.Release|x64.Build.0 = Release|Any CPU
		{9CF8491F-FBFF-1386-5716-2FDE99D03B82}.Release|x86.ActiveCfg = Release|Any CPU
		{9CF8491F-FBFF-1386-5716-2FDE99D03B82}.Release|x86.Build.0 = Release|Any CPU
		{C8D9E0F1-2345-6789-ABCD-EF0123456789}.Debug|Any CPU.ActiveCfg = Debug|Any CPU
		{C8D9E0F1-2345-6789-ABCD-EF0123456789}.Debug|Any CPU.Build.0 = Debug|Any CPU
		{C8D9E0F1-2345-6789-ABCD-EF0123456789}.Debug|x64.ActiveCfg = Debug|Any CPU
		{C8D9E0F1-2345-6789-ABCD-EF0123456789}.Debug|x64.Build.0 = Debug|Any CPU
		{C8D9E0F1-2345-6789-ABCD-EF0123456789}.Debug|x86.ActiveCfg = Debug|Any CPU
		{C8D9E0F1-2345-6789-ABCD-EF0123456789}.Debug|x86.Build.0 = Debug|Any CPU
		{C8D9E0F1-2345-6789-ABCD-EF0123456789}.Release|Any CPU.ActiveCfg = Release|Any CPU
		{C8D9E0F1-2345-6789-ABCD-EF0123456789}.Release|Any CPU.Build.0 = Release|Any CPU
		{C8D9E0F1-2345-6789-ABCD-EF0123456789}.Release|x64.ActiveCfg = Release|Any CPU
		{C8D9E0F1-2345-6789-ABCD-EF0123456789}.Release|x64.Build.0 = Release|Any CPU
		{C8D9E0F1-2345-6789-ABCD-EF0123456789}.Release|x86.ActiveCfg = Release|Any CPU
		{C8D9E0F1-2345-6789-ABCD-EF0123456789}.Release|x86.Build.0 = Release|Any CPU
		{D9E0F1A2-3456-789A-BCDE-F01234567890}.Debug|Any CPU.ActiveCfg = Debug|Any CPU
		{D9E0F1A2-3456-789A-BCDE-F01234567890}.Debug|Any CPU.Build.0 = Debug|Any CPU
		{D9E0F1A2-3456-789A-BCDE-F01234567890}.Debug|x64.ActiveCfg = Debug|Any CPU
		{D9E0F1A2-3456-789A-BCDE-F01234567890}.Debug|x64.Build.0 = Debug|Any CPU
		{D9E0F1A2-3456-789A-BCDE-F01234567890}.Debug|x86.ActiveCfg = Debug|Any CPU
		{D9E0F1A2-3456-789A-BCDE-F01234567890}.Debug|x86.Build.0 = Debug|Any CPU
		{D9E0F1A2-3456-789A-BCDE-F01234567890}.Release|Any CPU.ActiveCfg = Release|Any CPU
		{D9E0F1A2-3456-789A-BCDE-F01234567890}.Release|Any CPU.Build.0 = Release|Any CPU
		{D9E0F1A2-3456-789A-BCDE-F01234567890}.Release|x64.ActiveCfg = Release|Any CPU
		{D9E0F1A2-3456-789A-BCDE-F01234567890}.Release|x64.Build.0 = Release|Any CPU
		{D9E0F1A2-3456-789A-BCDE-F01234567890}.Release|x86.ActiveCfg = Release|Any CPU
		{D9E0F1A2-3456-789A-BCDE-F01234567890}.Release|x86.Build.0 = Release|Any CPU
		{E0F1A2B3-4567-89AB-CDEF-012345678901}.Debug|Any CPU.ActiveCfg = Debug|Any CPU
		{E0F1A2B3-4567-89AB-CDEF-012345678901}.Debug|Any CPU.Build.0 = Debug|Any CPU
		{E0F1A2B3-4567-89AB-CDEF-012345678901}.Debug|x64.ActiveCfg = Debug|Any CPU
		{E0F1A2B3-4567-89AB-CDEF-012345678901}.Debug|x64.Build.0 = Debug|Any CPU
		{E0F1A2B3-4567-89AB-CDEF-012345678901}.Debug|x86.ActiveCfg = Debug|Any CPU
		{E0F1A2B3-4567-89AB-CDEF-012345678901}.Debug|x86.Build.0 = Debug|Any CPU
		{E0F1A2B3-4567-89AB-CDEF-012345678901}.Release|Any CPU.ActiveCfg = Release|Any CPU
		{E0F1A2B3-4567-89AB-CDEF-012345678901}.Release|Any CPU.Build.0 = Release|Any CPU
		{E0F1A2B3-4567-89AB-CDEF-012345678901}.Release|x64.ActiveCfg = Release|Any CPU
		{E0F1A2B3-4567-89AB-CDEF-012345678901}.Release|x64.Build.0 = Release|Any CPU
		{E0F1A2B3-4567-89AB-CDEF-012345678901}.Release|x86.ActiveCfg = Release|Any CPU
		{E0F1A2B3-4567-89AB-CDEF-012345678901}.Release|x86.Build.0 = Release|Any CPU
		{5D31F490-56DB-4BD6-B05A-A0E2A13BAC6D}.Debug|Any CPU.ActiveCfg = Debug|Any CPU
		{5D31F490-56DB-4BD6-B05A-A0E2A13BAC6D}.Debug|Any CPU.Build.0 = Debug|Any CPU
		{5D31F490-56DB-4BD6-B05A-A0E2A13BAC6D}.Debug|x64.ActiveCfg = Debug|Any CPU
		{5D31F490-56DB-4BD6-B05A-A0E2A13BAC6D}.Debug|x64.Build.0 = Debug|Any CPU
		{5D31F490-56DB-4BD6-B05A-A0E2A13BAC6D}.Debug|x86.ActiveCfg = Debug|Any CPU
		{5D31F490-56DB-4BD6-B05A-A0E2A13BAC6D}.Debug|x86.Build.0 = Debug|Any CPU
		{5D31F490-56DB-4BD6-B05A-A0E2A13BAC6D}.Release|Any CPU.ActiveCfg = Release|Any CPU
		{5D31F490-56DB-4BD6-B05A-A0E2A13BAC6D}.Release|Any CPU.Build.0 = Release|Any CPU
		{5D31F490-56DB-4BD6-B05A-A0E2A13BAC6D}.Release|x64.ActiveCfg = Release|Any CPU
		{5D31F490-56DB-4BD6-B05A-A0E2A13BAC6D}.Release|x64.Build.0 = Release|Any CPU
		{5D31F490-56DB-4BD6-B05A-A0E2A13BAC6D}.Release|x86.ActiveCfg = Release|Any CPU
		{5D31F490-56DB-4BD6-B05A-A0E2A13BAC6D}.Release|x86.Build.0 = Release|Any CPU
		{72DFC26F-0156-4839-BFED-1F3D0240A4E5}.Debug|Any CPU.ActiveCfg = Debug|Any CPU
		{72DFC26F-0156-4839-BFED-1F3D0240A4E5}.Debug|Any CPU.Build.0 = Debug|Any CPU
		{72DFC26F-0156-4839-BFED-1F3D0240A4E5}.Debug|x64.ActiveCfg = Debug|Any CPU
		{72DFC26F-0156-4839-BFED-1F3D0240A4E5}.Debug|x64.Build.0 = Debug|Any CPU
		{72DFC26F-0156-4839-BFED-1F3D0240A4E5}.Debug|x86.ActiveCfg = Debug|Any CPU
		{72DFC26F-0156-4839-BFED-1F3D0240A4E5}.Debug|x86.Build.0 = Debug|Any CPU
		{72DFC26F-0156-4839-BFED-1F3D0240A4E5}.Release|Any CPU.ActiveCfg = Release|Any CPU
		{72DFC26F-0156-4839-BFED-1F3D0240A4E5}.Release|Any CPU.Build.0 = Release|Any CPU
		{72DFC26F-0156-4839-BFED-1F3D0240A4E5}.Release|x64.ActiveCfg = Release|Any CPU
		{72DFC26F-0156-4839-BFED-1F3D0240A4E5}.Release|x64.Build.0 = Release|Any CPU
		{72DFC26F-0156-4839-BFED-1F3D0240A4E5}.Release|x86.ActiveCfg = Release|Any CPU
		{72DFC26F-0156-4839-BFED-1F3D0240A4E5}.Release|x86.Build.0 = Release|Any CPU
	EndGlobalSection
	GlobalSection(SolutionProperties) = preSolution
		HideSolutionNode = FALSE
	EndGlobalSection
	GlobalSection(NestedProjects) = preSolution
		{1AA2BB3C-4DD5-6EE7-8FF9-0AAB1CC2DD3E} = {8BB2DD8D-4E0C-4B9D-9F5A-7E3D2F1A8C5B}
		{A1B2C3D4-E5F6-7890-ABCD-123456789012} = {8BB2DD8D-4E0C-4B9D-9F5A-7E3D2F1A8C5B}
		{46D8551B-386B-6C84-2CF8-277690B9A592} = {8BB2DD8D-4E0C-4B9D-9F5A-7E3D2F1A8C5B}
		{5D31F490-56DB-4BD6-B05A-A0E2A13BAC6D} = {46D8551B-386B-6C84-2CF8-277690B9A592}
		{5BA4A53A-0F73-45EA-5E51-42E1EA39695D} = {8BB2DD8D-4E0C-4B9D-9F5A-7E3D2F1A8C5B}
		{72DFC26F-0156-4839-BFED-1F3D0240A4E5} = {5BA4A53A-0F73-45EA-5E51-42E1EA39695D}
	EndGlobalSection
EndGlobal
