Microsoft Visual Studio Solution File, Format Version 12.00
# Visual Studio Version 17
VisualStudioVersion = 17.5.2.0
MinimumVisualStudioVersion = 10.0.40219.1
Project("{FAE04EC0-301F-11D3-BF4B-00C04F79EFBC}") = "CoOwnershipVehicle.Data", "CoOwnershipVehicle.Data\CoOwnershipVehicle.Data.csproj", "{AEE3CECB-B996-39D4-D96C-4DDD40AE72CD}"
EndProject
Project("{FAE04EC0-301F-11D3-BF4B-00C04F79EFBC}") = "CoOwnershipVehicle.Domain", "CoOwnershipVehicle.Domain\CoOwnershipVehicle.Domain.csproj", "{DF0475DA-7BF8-4F35-3F1E-7271A3F8E4C7}"
EndProject
Project("{FAE04EC0-301F-11D3-BF4B-00C04F79EFBC}") = "CoOwnershipVehicle.Shared", "CoOwnershipVehicle.Shared\CoOwnershipVehicle.Shared.csproj", "{0CF51F44-8D5F-B232-3F4C-10DB0C280F74}"
EndProject
Project("{2150E333-8FDC-42A3-9474-1A3956D46DE8}") = "ApiGateway", "ApiGateway", "{25D181DD-5CC9-F0B3-C64F-91E1AA77FD70}"
EndProject
Project("{2150E333-8FDC-42A3-9474-1A3956D46DE8}") = "Services", "Services", "{5854FF58-B8C5-05C6-5BF2-ACE42193F22B}"
EndProject
Project("{2150E333-8FDC-42A3-9474-1A3956D46DE8}") = "Shared", "Shared", "{4F52FD11-658E-A102-6CD3-7D7C16FFA15B}"
EndProject
Project("{FAE04EC0-301F-11D3-BF4B-00C04F79EFBC}") = "CoOwnershipVehicle.ApiGateway", "ApiGateway\CoOwnershipVehicle.ApiGateway\CoOwnershipVehicle.ApiGateway.csproj", "{E230D0F9-EE8C-DE7A-D2A0-2A3187A2A717}"
EndProject
Project("{FAE04EC0-301F-11D3-BF4B-00C04F79EFBC}") = "CoOwnershipVehicle.Api", "Services\CoOwnershipVehicle.Api\CoOwnershipVehicle.Api.csproj", "{42F3EE94-9548-4C65-87C2-7ECF25E79FAB}"
EndProject
Project("{FAE04EC0-301F-11D3-BF4B-00C04F79EFBC}") = "CoOwnershipVehicle.Shared.Contracts", "Shared\CoOwnershipVehicle.Shared.Contracts\CoOwnershipVehicle.Shared.Contracts.csproj", "{F12B72D5-A73C-8336-E15C-14F14D9E6593}"
EndProject
Project("{2150E333-8FDC-42A3-9474-1A3956D46DE8}") = "Analytics", "Analytics", "{093D18F0-D003-314D-5FF9-986B0F652A33}"
EndProject
Project("{FAE04EC0-301F-11D3-BF4B-00C04F79EFBC}") = "CoOwnershipVehicle.Analytics.Api", "Services\Analytics\CoOwnershipVehicle.Analytics.Api\CoOwnershipVehicle.Analytics.Api.csproj", "{E78C86F4-EFDC-5EBA-C19A-370293E331B3}"
EndProject
Project("{2150E333-8FDC-42A3-9474-1A3956D46DE8}") = "Auth", "Auth", "{FE3FB199-55FF-42D1-1FD0-08473B5A7350}"
EndProject
Project("{FAE04EC0-301F-11D3-BF4B-00C04F79EFBC}") = "CoOwnershipVehicle.Auth.Api", "Services\Auth\CoOwnershipVehicle.Auth.Api\CoOwnershipVehicle.Auth.Api.csproj", "{AAAA1D6E-538E-9445-F2EF-F19C43251D60}"
EndProject
Project("{2150E333-8FDC-42A3-9474-1A3956D46DE8}") = "Booking", "Booking", "{1BDCE16F-44E9-1D02-8623-3C0B350C7CC7}"
EndProject
Project("{FAE04EC0-301F-11D3-BF4B-00C04F79EFBC}") = "CoOwnershipVehicle.Booking.Api", "Services\Booking\CoOwnershipVehicle.Booking.Api\CoOwnershipVehicle.Booking.Api.csproj", "{0688F6A7-DDBF-63C1-36CA-4E8734E0509E}"
EndProject
Project("{2150E333-8FDC-42A3-9474-1A3956D46DE8}") = "Group", "Group", "{7896FE1D-AF68-DDD9-198F-BD643F58669D}"
EndProject
Project("{FAE04EC0-301F-11D3-BF4B-00C04F79EFBC}") = "CoOwnershipVehicle.Group.Api", "Services\Group\CoOwnershipVehicle.Group.Api\CoOwnershipVehicle.Group.Api.csproj", "{D1B65225-8291-7975-0044-60A7CAB5295B}"
EndProject
Project("{2150E333-8FDC-42A3-9474-1A3956D46DE8}") = "Notification", "Notification", "{06470F13-D646-4954-ED4A-FA216054436A}"
EndProject
Project("{FAE04EC0-301F-11D3-BF4B-00C04F79EFBC}") = "CoOwnershipVehicle.Notification.Api", "Services\Notification\CoOwnershipVehicle.Notification.Api\CoOwnershipVehicle.Notification.Api.csproj", "{CAED45DA-1382-C924-66E8-8D1B7231B01F}"
EndProject
Project("{2150E333-8FDC-42A3-9474-1A3956D46DE8}") = "Payment", "Payment", "{714CC2AF-245C-D6B1-E117-A1157E62AF44}"
EndProject
Project("{FAE04EC0-301F-11D3-BF4B-00C04F79EFBC}") = "CoOwnershipVehicle.Payment.Api", "Services\Payment\CoOwnershipVehicle.Payment.Api\CoOwnershipVehicle.Payment.Api.csproj", "{37F95B6B-260A-E629-F095-BF3DD49AA831}"
EndProject
Project("{2150E333-8FDC-42A3-9474-1A3956D46DE8}") = "User", "User", "{5979469B-CEB9-B27D-9095-D604475979B8}"
EndProject
Project("{FAE04EC0-301F-11D3-BF4B-00C04F79EFBC}") = "CoOwnershipVehicle.User.Api", "Services\User\CoOwnershipVehicle.User.Api\CoOwnershipVehicle.User.Api.csproj", "{A544585F-0FFC-9624-9D7B-867B416D39A1}"
EndProject
Project("{2150E333-8FDC-42A3-9474-1A3956D46DE8}") = "Vehicle", "Vehicle", "{B82D292C-FD06-E3BD-7200-DF4557BF3BB8}"
EndProject
Project("{FAE04EC0-301F-11D3-BF4B-00C04F79EFBC}") = "CoOwnershipVehicle.Vehicle.Api", "Services\Vehicle\CoOwnershipVehicle.Vehicle.Api\CoOwnershipVehicle.Vehicle.Api.csproj", "{F3CE4A4C-87A0-0C25-ABA0-0C72B07ECED1}"
EndProject
Global
	GlobalSection(SolutionConfigurationPlatforms) = preSolution
		Debug|Any CPU = Debug|Any CPU
		Release|Any CPU = Release|Any CPU
	EndGlobalSection
	GlobalSection(ProjectConfigurationPlatforms) = postSolution
		{AEE3CECB-B996-39D4-D96C-4DDD40AE72CD}.Debug|Any CPU.ActiveCfg = Debug|Any CPU
		{AEE3CECB-B996-39D4-D96C-4DDD40AE72CD}.Debug|Any CPU.Build.0 = Debug|Any CPU
		{AEE3CECB-B996-39D4-D96C-4DDD40AE72CD}.Release|Any CPU.ActiveCfg = Release|Any CPU
		{AEE3CECB-B996-39D4-D96C-4DDD40AE72CD}.Release|Any CPU.Build.0 = Release|Any CPU
		{DF0475DA-7BF8-4F35-3F1E-7271A3F8E4C7}.Debug|Any CPU.ActiveCfg = Debug|Any CPU
		{DF0475DA-7BF8-4F35-3F1E-7271A3F8E4C7}.Debug|Any CPU.Build.0 = Debug|Any CPU
		{DF0475DA-7BF8-4F35-3F1E-7271A3F8E4C7}.Release|Any CPU.ActiveCfg = Release|Any CPU
		{DF0475DA-7BF8-4F35-3F1E-7271A3F8E4C7}.Release|Any CPU.Build.0 = Release|Any CPU
		{0CF51F44-8D5F-B232-3F4C-10DB0C280F74}.Debug|Any CPU.ActiveCfg = Debug|Any CPU
		{0CF51F44-8D5F-B232-3F4C-10DB0C280F74}.Debug|Any CPU.Build.0 = Debug|Any CPU
		{0CF51F44-8D5F-B232-3F4C-10DB0C280F74}.Release|Any CPU.ActiveCfg = Release|Any CPU
		{0CF51F44-8D5F-B232-3F4C-10DB0C280F74}.Release|Any CPU.Build.0 = Release|Any CPU
		{E230D0F9-EE8C-DE7A-D2A0-2A3187A2A717}.Debug|Any CPU.ActiveCfg = Debug|Any CPU
		{E230D0F9-EE8C-DE7A-D2A0-2A3187A2A717}.Debug|Any CPU.Build.0 = Debug|Any CPU
		{E230D0F9-EE8C-DE7A-D2A0-2A3187A2A717}.Release|Any CPU.ActiveCfg = Release|Any CPU
		{E230D0F9-EE8C-DE7A-D2A0-2A3187A2A717}.Release|Any CPU.Build.0 = Release|Any CPU
		{42F3EE94-9548-4C65-87C2-7ECF25E79FAB}.Debug|Any CPU.ActiveCfg = Debug|Any CPU
		{42F3EE94-9548-4C65-87C2-7ECF25E79FAB}.Debug|Any CPU.Build.0 = Debug|Any CPU
		{42F3EE94-9548-4C65-87C2-7ECF25E79FAB}.Release|Any CPU.ActiveCfg = Release|Any CPU
		{42F3EE94-9548-4C65-87C2-7ECF25E79FAB}.Release|Any CPU.Build.0 = Release|Any CPU
		{F12B72D5-A73C-8336-E15C-14F14D9E6593}.Debug|Any CPU.ActiveCfg = Debug|Any CPU
		{F12B72D5-A73C-8336-E15C-14F14D9E6593}.Debug|Any CPU.Build.0 = Debug|Any CPU
		{F12B72D5-A73C-8336-E15C-14F14D9E6593}.Release|Any CPU.ActiveCfg = Release|Any CPU
		{F12B72D5-A73C-8336-E15C-14F14D9E6593}.Release|Any CPU.Build.0 = Release|Any CPU
		{E78C86F4-EFDC-5EBA-C19A-370293E331B3}.Debug|Any CPU.ActiveCfg = Debug|Any CPU
		{E78C86F4-EFDC-5EBA-C19A-370293E331B3}.Debug|Any CPU.Build.0 = Debug|Any CPU
		{E78C86F4-EFDC-5EBA-C19A-370293E331B3}.Release|Any CPU.ActiveCfg = Release|Any CPU
		{E78C86F4-EFDC-5EBA-C19A-370293E331B3}.Release|Any CPU.Build.0 = Release|Any CPU
		{AAAA1D6E-538E-9445-F2EF-F19C43251D60}.Debug|Any CPU.ActiveCfg = Debug|Any CPU
		{AAAA1D6E-538E-9445-F2EF-F19C43251D60}.Debug|Any CPU.Build.0 = Debug|Any CPU
		{AAAA1D6E-538E-9445-F2EF-F19C43251D60}.Release|Any CPU.ActiveCfg = Release|Any CPU
		{AAAA1D6E-538E-9445-F2EF-F19C43251D60}.Release|Any CPU.Build.0 = Release|Any CPU
		{0688F6A7-DDBF-63C1-36CA-4E8734E0509E}.Debug|Any CPU.ActiveCfg = Debug|Any CPU
		{0688F6A7-DDBF-63C1-36CA-4E8734E0509E}.Debug|Any CPU.Build.0 = Debug|Any CPU
		{0688F6A7-DDBF-63C1-36CA-4E8734E0509E}.Release|Any CPU.ActiveCfg = Release|Any CPU
		{0688F6A7-DDBF-63C1-36CA-4E8734E0509E}.Release|Any CPU.Build.0 = Release|Any CPU
		{D1B65225-8291-7975-0044-60A7CAB5295B}.Debug|Any CPU.ActiveCfg = Debug|Any CPU
		{D1B65225-8291-7975-0044-60A7CAB5295B}.Debug|Any CPU.Build.0 = Debug|Any CPU
		{D1B65225-8291-7975-0044-60A7CAB5295B}.Release|Any CPU.ActiveCfg = Release|Any CPU
		{D1B65225-8291-7975-0044-60A7CAB5295B}.Release|Any CPU.Build.0 = Release|Any CPU
		{CAED45DA-1382-C924-66E8-8D1B7231B01F}.Debug|Any CPU.ActiveCfg = Debug|Any CPU
		{CAED45DA-1382-C924-66E8-8D1B7231B01F}.Debug|Any CPU.Build.0 = Debug|Any CPU
		{CAED45DA-1382-C924-66E8-8D1B7231B01F}.Release|Any CPU.ActiveCfg = Release|Any CPU
		{CAED45DA-1382-C924-66E8-8D1B7231B01F}.Release|Any CPU.Build.0 = Release|Any CPU
		{37F95B6B-260A-E629-F095-BF3DD49AA831}.Debug|Any CPU.ActiveCfg = Debug|Any CPU
		{37F95B6B-260A-E629-F095-BF3DD49AA831}.Debug|Any CPU.Build.0 = Debug|Any CPU
		{37F95B6B-260A-E629-F095-BF3DD49AA831}.Release|Any CPU.ActiveCfg = Release|Any CPU
		{37F95B6B-260A-E629-F095-BF3DD49AA831}.Release|Any CPU.Build.0 = Release|Any CPU
		{A544585F-0FFC-9624-9D7B-867B416D39A1}.Debug|Any CPU.ActiveCfg = Debug|Any CPU
		{A544585F-0FFC-9624-9D7B-867B416D39A1}.Debug|Any CPU.Build.0 = Debug|Any CPU
		{A544585F-0FFC-9624-9D7B-867B416D39A1}.Release|Any CPU.ActiveCfg = Release|Any CPU
		{A544585F-0FFC-9624-9D7B-867B416D39A1}.Release|Any CPU.Build.0 = Release|Any CPU
		{F3CE4A4C-87A0-0C25-ABA0-0C72B07ECED1}.Debug|Any CPU.ActiveCfg = Debug|Any CPU
		{F3CE4A4C-87A0-0C25-ABA0-0C72B07ECED1}.Debug|Any CPU.Build.0 = Debug|Any CPU
		{F3CE4A4C-87A0-0C25-ABA0-0C72B07ECED1}.Release|Any CPU.ActiveCfg = Release|Any CPU
		{F3CE4A4C-87A0-0C25-ABA0-0C72B07ECED1}.Release|Any CPU.Build.0 = Release|Any CPU
	EndGlobalSection
	GlobalSection(SolutionProperties) = preSolution
		HideSolutionNode = FALSE
	EndGlobalSection
	GlobalSection(NestedProjects) = preSolution
		{E230D0F9-EE8C-DE7A-D2A0-2A3187A2A717} = {25D181DD-5CC9-F0B3-C64F-91E1AA77FD70}
		{42F3EE94-9548-4C65-87C2-7ECF25E79FAB} = {5854FF58-B8C5-05C6-5BF2-ACE42193F22B}
		{F12B72D5-A73C-8336-E15C-14F14D9E6593} = {4F52FD11-658E-A102-6CD3-7D7C16FFA15B}
		{093D18F0-D003-314D-5FF9-986B0F652A33} = {5854FF58-B8C5-05C6-5BF2-ACE42193F22B}
		{E78C86F4-EFDC-5EBA-C19A-370293E331B3} = {093D18F0-D003-314D-5FF9-986B0F652A33}
		{FE3FB199-55FF-42D1-1FD0-08473B5A7350} = {5854FF58-B8C5-05C6-5BF2-ACE42193F22B}
		{AAAA1D6E-538E-9445-F2EF-F19C43251D60} = {FE3FB199-55FF-42D1-1FD0-08473B5A7350}
		{1BDCE16F-44E9-1D02-8623-3C0B350C7CC7} = {5854FF58-B8C5-05C6-5BF2-ACE42193F22B}
		{0688F6A7-DDBF-63C1-36CA-4E8734E0509E} = {1BDCE16F-44E9-1D02-8623-3C0B350C7CC7}
		{7896FE1D-AF68-DDD9-198F-BD643F58669D} = {5854FF58-B8C5-05C6-5BF2-ACE42193F22B}
		{D1B65225-8291-7975-0044-60A7CAB5295B} = {7896FE1D-AF68-DDD9-198F-BD643F58669D}
		{06470F13-D646-4954-ED4A-FA216054436A} = {5854FF58-B8C5-05C6-5BF2-ACE42193F22B}
		{CAED45DA-1382-C924-66E8-8D1B7231B01F} = {06470F13-D646-4954-ED4A-FA216054436A}
		{714CC2AF-245C-D6B1-E117-A1157E62AF44} = {5854FF58-B8C5-05C6-5BF2-ACE42193F22B}
		{37F95B6B-260A-E629-F095-BF3DD49AA831} = {714CC2AF-245C-D6B1-E117-A1157E62AF44}
		{5979469B-CEB9-B27D-9095-D604475979B8} = {5854FF58-B8C5-05C6-5BF2-ACE42193F22B}
		{A544585F-0FFC-9624-9D7B-867B416D39A1} = {5979469B-CEB9-B27D-9095-D604475979B8}
		{B82D292C-FD06-E3BD-7200-DF4557BF3BB8} = {5854FF58-B8C5-05C6-5BF2-ACE42193F22B}
		{F3CE4A4C-87A0-0C25-ABA0-0C72B07ECED1} = {B82D292C-FD06-E3BD-7200-DF4557BF3BB8}
	EndGlobalSection
	GlobalSection(ExtensibilityGlobals) = postSolution
		SolutionGuid = {53D2EF53-BEAF-4C4D-84EC-F582B806F7D2}
	EndGlobalSection
EndGlobal
